
Microsoft Visual Studio Solution File, Format Version 12.00
Project("{FAE04EC0-301F-11D3-BF4B-00C04F79EFBC}") = "Module-1.1", "Module-1.1\Module-1.1.csproj", "{DBCDFD25-5A5C-40B8-8BD1-05617D318CEC}"
EndProject
Project("{FAE04EC0-301F-11D3-BF4B-00C04F79EFBC}") = "Module-1.2", "Module-1.2\Module-1.2.csproj", "{F5B3D3C4-34A6-4186-80CB-AFB39FD25BD2}"
EndProject
Global
	GlobalSection(SolutionConfigurationPlatforms) = preSolution
		Debug|Any CPU = Debug|Any CPU
		Release|Any CPU = Release|Any CPU
	EndGlobalSection
	GlobalSection(ProjectConfigurationPlatforms) = postSolution
		{DBCDFD25-5A5C-40B8-8BD1-05617D318CEC}.Debug|Any CPU.ActiveCfg = Debug|Any CPU
		{DBCDFD25-5A5C-40B8-8BD1-05617D318CEC}.Debug|Any CPU.Build.0 = Debug|Any CPU
		{DBCDFD25-5A5C-40B8-8BD1-05617D318CEC}.Release|Any CPU.ActiveCfg = Release|Any CPU
		{DBCDFD25-5A5C-40B8-8BD1-05617D318CEC}.Release|Any CPU.Build.0 = Release|Any CPU
		{F5B3D3C4-34A6-4186-80CB-AFB39FD25BD2}.Debug|Any CPU.ActiveCfg = Debug|Any CPU
		{F5B3D3C4-34A6-4186-80CB-AFB39FD25BD2}.Debug|Any CPU.Build.0 = Debug|Any CPU
		{F5B3D3C4-34A6-4186-80CB-AFB39FD25BD2}.Release|Any CPU.ActiveCfg = Release|Any CPU
		{F5B3D3C4-34A6-4186-80CB-AFB39FD25BD2}.Release|Any CPU.Build.0 = Release|Any CPU
	EndGlobalSection
EndGlobal
